// !$*UTF8*$!
{
	archiveVersion = 1;
	classes = {
	};
	objectVersion = 56;
	objects = {

/* Begin PBXBuildFile section */
		018F273A2C734EDF00168C42 /* quizStarApp.swift in Sources */ = {isa = PBXBuildFile; fileRef = 018F27392C734EDF00168C42 /* quizStarApp.swift */; };
		018F273C2C734EDF00168C42 /* ContentView.swift in Sources */ = {isa = PBXBuildFile; fileRef = 018F273B2C734EDF00168C42 /* ContentView.swift */; };
		018F273E2C734EE000168C42 /* Assets.xcassets in Resources */ = {isa = PBXBuildFile; fileRef = 018F273D2C734EE000168C42 /* Assets.xcassets */; };
		018F27412C734EE000168C42 /* Preview Assets.xcassets in Resources */ = {isa = PBXBuildFile; fileRef = 018F27402C734EE000168C42 /* Preview Assets.xcassets */; };
		018F274B2C734EE000168C42 /* quizStarTests.swift in Sources */ = {isa = PBXBuildFile; fileRef = 018F274A2C734EE000168C42 /* quizStarTests.swift */; };
		018F27552C734EE000168C42 /* quizStarUITests.swift in Sources */ = {isa = PBXBuildFile; fileRef = 018F27542C734EE000168C42 /* quizStarUITests.swift */; };
		018F27572C734EE000168C42 /* quizStarUITestsLaunchTests.swift in Sources */ = {isa = PBXBuildFile; fileRef = 018F27562C734EE000168C42 /* quizStarUITestsLaunchTests.swift */; };
/* End PBXBuildFile section */

/* Begin PBXContainerItemProxy section */
		018F27472C734EE000168C42 /* PBXContainerItemProxy */ = {
			isa = PBXContainerItemProxy;
			containerPortal = 018F272E2C734EDF00168C42 /* Project object */;
			proxyType = 1;
			remoteGlobalIDString = 018F27352C734EDF00168C42;
			remoteInfo = quizStar;
		};
		018F27512C734EE000168C42 /* PBXContainerItemProxy */ = {
			isa = PBXContainerItemProxy;
			containerPortal = 018F272E2C734EDF00168C42 /* Project object */;
			proxyType = 1;
			remoteGlobalIDString = 018F27352C734EDF00168C42;
			remoteInfo = quizStar;
		};
/* End PBXContainerItemProxy section */

/* Begin PBXFileReference section */
		018F27362C734EDF00168C42 /* quizStar.app */ = {isa = PBXFileReference; explicitFileType = wrapper.application; includeInIndex = 0; path = quizStar.app; sourceTree = BUILT_PRODUCTS_DIR; };
		018F27392C734EDF00168C42 /* quizStarApp.swift */ = {isa = PBXFileReference; lastKnownFileType = sourcecode.swift; path = quizStarApp.swift; sourceTree = "<group>"; };
		018F273B2C734EDF00168C42 /* ContentView.swift */ = {isa = PBXFileReference; lastKnownFileType = sourcecode.swift; path = ContentView.swift; sourceTree = "<group>"; };
		018F273D2C734EE000168C42 /* Assets.xcassets */ = {isa = PBXFileReference; lastKnownFileType = folder.assetcatalog; path = Assets.xcassets; sourceTree = "<group>"; };
		018F27402C734EE000168C42 /* Preview Assets.xcassets */ = {isa = PBXFileReference; lastKnownFileType = folder.assetcatalog; path = "Preview Assets.xcassets"; sourceTree = "<group>"; };
		018F27462C734EE000168C42 /* quizStarTests.xctest */ = {isa = PBXFileReference; explicitFileType = wrapper.cfbundle; includeInIndex = 0; path = quizStarTests.xctest; sourceTree = BUILT_PRODUCTS_DIR; };
		018F274A2C734EE000168C42 /* quizStarTests.swift */ = {isa = PBXFileReference; lastKnownFileType = sourcecode.swift; path = quizStarTests.swift; sourceTree = "<group>"; };
		018F27502C734EE000168C42 /* quizStarUITests.xctest */ = {isa = PBXFileReference; explicitFileType = wrapper.cfbundle; includeInIndex = 0; path = quizStarUITests.xctest; sourceTree = BUILT_PRODUCTS_DIR; };
		018F27542C734EE000168C42 /* quizStarUITests.swift */ = {isa = PBXFileReference; lastKnownFileType = sourcecode.swift; path = quizStarUITests.swift; sourceTree = "<group>"; };
		018F27562C734EE000168C42 /* quizStarUITestsLaunchTests.swift */ = {isa = PBXFileReference; lastKnownFileType = sourcecode.swift; path = quizStarUITestsLaunchTests.swift; sourceTree = "<group>"; };
/* End PBXFileReference section */

/* Begin PBXFrameworksBuildPhase section */
		018F27332C734EDF00168C42 /* Frameworks */ = {
			isa = PBXFrameworksBuildPhase;
			buildActionMask = 2147483647;
			files = (
			);
			runOnlyForDeploymentPostprocessing = 0;
		};
		018F27432C734EE000168C42 /* Frameworks */ = {
			isa = PBXFrameworksBuildPhase;
			buildActionMask = 2147483647;
			files = (
			);
			runOnlyForDeploymentPostprocessing = 0;
		};
		018F274D2C734EE000168C42 /* Frameworks */ = {
			isa = PBXFrameworksBuildPhase;
			buildActionMask = 2147483647;
			files = (
			);
			runOnlyForDeploymentPostprocessing = 0;
		};
/* End PBXFrameworksBuildPhase section */

/* Begin PBXGroup section */
		018F272D2C734EDF00168C42 = {
			isa = PBXGroup;
			children = (
				018F27382C734EDF00168C42 /* quizStar */,
				018F27492C734EE000168C42 /* quizStarTests */,
				018F27532C734EE000168C42 /* quizStarUITests */,
				018F27372C734EDF00168C42 /* Products */,
			);
			sourceTree = "<group>";
		};
		018F27372C734EDF00168C42 /* Products */ = {
			isa = PBXGroup;
			children = (
				018F27362C734EDF00168C42 /* quizStar.app */,
				018F27462C734EE000168C42 /* quizStarTests.xctest */,
				018F27502C734EE000168C42 /* quizStarUITests.xctest */,
			);
			name = Products;
			sourceTree = "<group>";
		};
		018F27382C734EDF00168C42 /* quizStar */ = {
			isa = PBXGroup;
			children = (
				018F27392C734EDF00168C42 /* quizStarApp.swift */,
				018F273B2C734EDF00168C42 /* ContentView.swift */,
				018F273D2C734EE000168C42 /* Assets.xcassets */,
				018F273F2C734EE000168C42 /* Preview Content */,
			);
			path = quizStar;
			sourceTree = "<group>";
		};
		018F273F2C734EE000168C42 /* Preview Content */ = {
			isa = PBXGroup;
			children = (
				018F27402C734EE000168C42 /* Preview Assets.xcassets */,
			);
			path = "Preview Content";
			sourceTree = "<group>";
		};
		018F27492C734EE000168C42 /* quizStarTests */ = {
			isa = PBXGroup;
			children = (
				018F274A2C734EE000168C42 /* quizStarTests.swift */,
			);
			path = quizStarTests;
			sourceTree = "<group>";
		};
		018F27532C734EE000168C42 /* quizStarUITests */ = {
			isa = PBXGroup;
			children = (
				018F27542C734EE000168C42 /* quizStarUITests.swift */,
				018F27562C734EE000168C42 /* quizStarUITestsLaunchTests.swift */,
			);
			path = quizStarUITests;
			sourceTree = "<group>";
		};
/* End PBXGroup section */

/* Begin PBXNativeTarget section */
		018F27352C734EDF00168C42 /* quizStar */ = {
			isa = PBXNativeTarget;
			buildConfigurationList = 018F275A2C734EE000168C42 /* Build configuration list for PBXNativeTarget "quizStar" */;
			buildPhases = (
				018F27322C734EDF00168C42 /* Sources */,
				018F27332C734EDF00168C42 /* Frameworks */,
				018F27342C734EDF00168C42 /* Resources */,
			);
			buildRules = (
			);
			dependencies = (
			);
			name = quizStar;
			productName = quizStar;
			productReference = 018F27362C734EDF00168C42 /* quizStar.app */;
			productType = "com.apple.product-type.application";
		};
		018F27452C734EE000168C42 /* quizStarTests */ = {
			isa = PBXNativeTarget;
			buildConfigurationList = 018F275D2C734EE000168C42 /* Build configuration list for PBXNativeTarget "quizStarTests" */;
			buildPhases = (
				018F27422C734EE000168C42 /* Sources */,
				018F27432C734EE000168C42 /* Frameworks */,
				018F27442C734EE000168C42 /* Resources */,
			);
			buildRules = (
			);
			dependencies = (
				018F27482C734EE000168C42 /* PBXTargetDependency */,
			);
			name = quizStarTests;
			productName = quizStarTests;
			productReference = 018F27462C734EE000168C42 /* quizStarTests.xctest */;
			productType = "com.apple.product-type.bundle.unit-test";
		};
		018F274F2C734EE000168C42 /* quizStarUITests */ = {
			isa = PBXNativeTarget;
			buildConfigurationList = 018F27602C734EE000168C42 /* Build configuration list for PBXNativeTarget "quizStarUITests" */;
			buildPhases = (
				018F274C2C734EE000168C42 /* Sources */,
				018F274D2C734EE000168C42 /* Frameworks */,
				018F274E2C734EE000168C42 /* Resources */,
			);
			buildRules = (
			);
			dependencies = (
				018F27522C734EE000168C42 /* PBXTargetDependency */,
			);
			name = quizStarUITests;
			productName = quizStarUITests;
			productReference = 018F27502C734EE000168C42 /* quizStarUITests.xctest */;
			productType = "com.apple.product-type.bundle.ui-testing";
		};
/* End PBXNativeTarget section */

/* Begin PBXProject section */
		018F272E2C734EDF00168C42 /* Project object */ = {
			isa = PBXProject;
			attributes = {
				BuildIndependentTargetsInParallel = 1;
				LastSwiftUpdateCheck = 1540;
				LastUpgradeCheck = 1540;
				TargetAttributes = {
					018F27352C734EDF00168C42 = {
						CreatedOnToolsVersion = 15.4;
					};
					018F27452C734EE000168C42 = {
						CreatedOnToolsVersion = 15.4;
						TestTargetID = 018F27352C734EDF00168C42;
					};
					018F274F2C734EE000168C42 = {
						CreatedOnToolsVersion = 15.4;
						TestTargetID = 018F27352C734EDF00168C42;
					};
				};
			};
			buildConfigurationList = 018F27312C734EDF00168C42 /* Build configuration list for PBXProject "quizStar" */;
			compatibilityVersion = "Xcode 14.0";
			developmentRegion = en;
			hasScannedForEncodings = 0;
			knownRegions = (
				en,
				Base,
			);
			mainGroup = 018F272D2C734EDF00168C42;
			productRefGroup = 018F27372C734EDF00168C42 /* Products */;
			projectDirPath = "";
			projectRoot = "";
			targets = (
				018F27352C734EDF00168C42 /* quizStar */,
				018F27452C734EE000168C42 /* quizStarTests */,
				018F274F2C734EE000168C42 /* quizStarUITests */,
			);
		};
/* End PBXProject section */

/* Begin PBXResourcesBuildPhase section */
		018F27342C734EDF00168C42 /* Resources */ = {
			isa = PBXResourcesBuildPhase;
			buildActionMask = 2147483647;
			files = (
				018F27412C734EE000168C42 /* Preview Assets.xcassets in Resources */,
				018F273E2C734EE000168C42 /* Assets.xcassets in Resources */,
			);
			runOnlyForDeploymentPostprocessing = 0;
		};
		018F27442C734EE000168C42 /* Resources */ = {
			isa = PBXResourcesBuildPhase;
			buildActionMask = 2147483647;
			files = (
			);
			runOnlyForDeploymentPostprocessing = 0;
		};
		018F274E2C734EE000168C42 /* Resources */ = {
			isa = PBXResourcesBuildPhase;
			buildActionMask = 2147483647;
			files = (
			);
			runOnlyForDeploymentPostprocessing = 0;
		};
/* End PBXResourcesBuildPhase section */

/* Begin PBXSourcesBuildPhase section */
		018F27322C734EDF00168C42 /* Sources */ = {
			isa = PBXSourcesBuildPhase;
			buildActionMask = 2147483647;
			files = (
				018F273C2C734EDF00168C42 /* ContentView.swift in Sources */,
				018F273A2C734EDF00168C42 /* quizStarApp.swift in Sources */,
			);
			runOnlyForDeploymentPostprocessing = 0;
		};
		018F27422C734EE000168C42 /* Sources */ = {
			isa = PBXSourcesBuildPhase;
			buildActionMask = 2147483647;
			files = (
				018F274B2C734EE000168C42 /* quizStarTests.swift in Sources */,
			);
			runOnlyForDeploymentPostprocessing = 0;
		};
		018F274C2C734EE000168C42 /* Sources */ = {
			isa = PBXSourcesBuildPhase;
			buildActionMask = 2147483647;
			files = (
				018F27572C734EE000168C42 /* quizStarUITestsLaunchTests.swift in Sources */,
				018F27552C734EE000168C42 /* quizStarUITests.swift in Sources */,
			);
			runOnlyForDeploymentPostprocessing = 0;
		};
/* End PBXSourcesBuildPhase section */

/* Begin PBXTargetDependency section */
		018F27482C734EE000168C42 /* PBXTargetDependency */ = {
			isa = PBXTargetDependency;
			target = 018F27352C734EDF00168C42 /* quizStar */;
			targetProxy = 018F27472C734EE000168C42 /* PBXContainerItemProxy */;
		};
		018F27522C734EE000168C42 /* PBXTargetDependency */ = {
			isa = PBXTargetDependency;
			target = 018F27352C734EDF00168C42 /* quizStar */;
			targetProxy = 018F27512C734EE000168C42 /* PBXContainerItemProxy */;
		};
/* End PBXTargetDependency section */

/* Begin XCBuildConfiguration section */
		018F27582C734EE000168C42 /* Debug */ = {
			isa = XCBuildConfiguration;
			buildSettings = {
				ALWAYS_SEARCH_USER_PATHS = NO;
				ASSETCATALOG_COMPILER_GENERATE_SWIFT_ASSET_SYMBOL_EXTENSIONS = YES;
				CLANG_ANALYZER_NONNULL = YES;
				CLANG_ANALYZER_NUMBER_OBJECT_CONVERSION = YES_AGGRESSIVE;
				CLANG_CXX_LANGUAGE_STANDARD = "gnu++20";
				CLANG_ENABLE_MODULES = YES;
				CLANG_ENABLE_OBJC_ARC = YES;
				CLANG_ENABLE_OBJC_WEAK = YES;
				CLANG_WARN_BLOCK_CAPTURE_AUTORELEASING = YES;
				CLANG_WARN_BOOL_CONVERSION = YES;
				CLANG_WARN_COMMA = YES;
				CLANG_WARN_CONSTANT_CONVERSION = YES;
				CLANG_WARN_DEPRECATED_OBJC_IMPLEMENTATIONS = YES;
				CLANG_WARN_DIRECT_OBJC_ISA_USAGE = YES_ERROR;
				CLANG_WARN_DOCUMENTATION_COMMENTS = YES;
				CLANG_WARN_EMPTY_BODY = YES;
				CLANG_WARN_ENUM_CONVERSION = YES;
				CLANG_WARN_INFINITE_RECURSION = YES;
				CLANG_WARN_INT_CONVERSION = YES;
				CLANG_WARN_NON_LITERAL_NULL_CONVERSION = YES;
				CLANG_WARN_OBJC_IMPLICIT_RETAIN_SELF = YES;
				CLANG_WARN_OBJC_LITERAL_CONVERSION = YES;
				CLANG_WARN_OBJC_ROOT_CLASS = YES_ERROR;
				CLANG_WARN_QUOTED_INCLUDE_IN_FRAMEWORK_HEADER = YES;
				CLANG_WARN_RANGE_LOOP_ANALYSIS = YES;
				CLANG_WARN_STRICT_PROTOTYPES = YES;
				CLANG_WARN_SUSPICIOUS_MOVE = YES;
				CLANG_WARN_UNGUARDED_AVAILABILITY = YES_AGGRESSIVE;
				CLANG_WARN_UNREACHABLE_CODE = YES;
				CLANG_WARN__DUPLICATE_METHOD_MATCH = YES;
				COPY_PHASE_STRIP = NO;
				DEBUG_INFORMATION_FORMAT = dwarf;
				ENABLE_STRICT_OBJC_MSGSEND = YES;
				ENABLE_TESTABILITY = YES;
				ENABLE_USER_SCRIPT_SANDBOXING = YES;
				GCC_C_LANGUAGE_STANDARD = gnu17;
				GCC_DYNAMIC_NO_PIC = NO;
				GCC_NO_COMMON_BLOCKS = YES;
				GCC_OPTIMIZATION_LEVEL = 0;
				GCC_PREPROCESSOR_DEFINITIONS = (
					"DEBUG=1",
					"$(inherited)",
				);
				GCC_WARN_64_TO_32_BIT_CONVERSION = YES;
				GCC_WARN_ABOUT_RETURN_TYPE = YES_ERROR;
				GCC_WARN_UNDECLARED_SELECTOR = YES;
				GCC_WARN_UNINITIALIZED_AUTOS = YES_AGGRESSIVE;
				GCC_WARN_UNUSED_FUNCTION = YES;
				GCC_WARN_UNUSED_VARIABLE = YES;
				IPHONEOS_DEPLOYMENT_TARGET = 17.5;
				LOCALIZATION_PREFERS_STRING_CATALOGS = YES;
				MTL_ENABLE_DEBUG_INFO = INCLUDE_SOURCE;
				MTL_FAST_MATH = YES;
				ONLY_ACTIVE_ARCH = YES;
				SDKROOT = iphoneos;
				SWIFT_ACTIVE_COMPILATION_CONDITIONS = "DEBUG $(inherited)";
				SWIFT_OPTIMIZATION_LEVEL = "-Onone";
			};
			name = Debug;
		};
		018F27592C734EE000168C42 /* Release */ = {
			isa = XCBuildConfiguration;
			buildSettings = {
				ALWAYS_SEARCH_USER_PATHS = NO;
				ASSETCATALOG_COMPILER_GENERATE_SWIFT_ASSET_SYMBOL_EXTENSIONS = YES;
				CLANG_ANALYZER_NONNULL = YES;
				CLANG_ANALYZER_NUMBER_OBJECT_CONVERSION = YES_AGGRESSIVE;
				CLANG_CXX_LANGUAGE_STANDARD = "gnu++20";
				CLANG_ENABLE_MODULES = YES;
				CLANG_ENABLE_OBJC_ARC = YES;
				CLANG_ENABLE_OBJC_WEAK = YES;
				CLANG_WARN_BLOCK_CAPTURE_AUTORELEASING = YES;
				CLANG_WARN_BOOL_CONVERSION = YES;
				CLANG_WARN_COMMA = YES;
				CLANG_WARN_CONSTANT_CONVERSION = YES;
				CLANG_WARN_DEPRECATED_OBJC_IMPLEMENTATIONS = YES;
				CLANG_WARN_DIRECT_OBJC_ISA_USAGE = YES_ERROR;
				CLANG_WARN_DOCUMENTATION_COMMENTS = YES;
				CLANG_WARN_EMPTY_BODY = YES;
				CLANG_WARN_ENUM_CONVERSION = YES;
				CLANG_WARN_INFINITE_RECURSION = YES;
				CLANG_WARN_INT_CONVERSION = YES;
				CLANG_WARN_NON_LITERAL_NULL_CONVERSION = YES;
				CLANG_WARN_OBJC_IMPLICIT_RETAIN_SELF = YES;
				CLANG_WARN_OBJC_LITERAL_CONVERSION = YES;
				CLANG_WARN_OBJC_ROOT_CLASS = YES_ERROR;
				CLANG_WARN_QUOTED_INCLUDE_IN_FRAMEWORK_HEADER = YES;
				CLANG_WARN_RANGE_LOOP_ANALYSIS = YES;
				CLANG_WARN_STRICT_PROTOTYPES = YES;
				CLANG_WARN_SUSPICIOUS_MOVE = YES;
				CLANG_WARN_UNGUARDED_AVAILABILITY = YES_AGGRESSIVE;
				CLANG_WARN_UNREACHABLE_CODE = YES;
				CLANG_WARN__DUPLICATE_METHOD_MATCH = YES;
				COPY_PHASE_STRIP = NO;
				DEBUG_INFORMATION_FORMAT = "dwarf-with-dsym";
				ENABLE_NS_ASSERTIONS = NO;
				ENABLE_STRICT_OBJC_MSGSEND = YES;
				ENABLE_USER_SCRIPT_SANDBOXING = YES;
				GCC_C_LANGUAGE_STANDARD = gnu17;
				GCC_NO_COMMON_BLOCKS = YES;
				GCC_WARN_64_TO_32_BIT_CONVERSION = YES;
				GCC_WARN_ABOUT_RETURN_TYPE = YES_ERROR;
				GCC_WARN_UNDECLARED_SELECTOR = YES;
				GCC_WARN_UNINITIALIZED_AUTOS = YES_AGGRESSIVE;
				GCC_WARN_UNUSED_FUNCTION = YES;
				GCC_WARN_UNUSED_VARIABLE = YES;
				IPHONEOS_DEPLOYMENT_TARGET = 17.5;
				LOCALIZATION_PREFERS_STRING_CATALOGS = YES;
				MTL_ENABLE_DEBUG_INFO = NO;
				MTL_FAST_MATH = YES;
				SDKROOT = iphoneos;
				SWIFT_COMPILATION_MODE = wholemodule;
				VALIDATE_PRODUCT = YES;
			};
			name = Release;
		};
		018F275B2C734EE000168C42 /* Debug */ = {
			isa = XCBuildConfiguration;
			buildSettings = {
				ASSETCATALOG_COMPILER_APPICON_NAME = AppIcon;
				ASSETCATALOG_COMPILER_GLOBAL_ACCENT_COLOR_NAME = AccentColor;
				CODE_SIGN_STYLE = Automatic;
				CURRENT_PROJECT_VERSION = 1;
				DEVELOPMENT_ASSET_PATHS = "\"quizStar/Preview Content\"";
				ENABLE_PREVIEWS = YES;
				GENERATE_INFOPLIST_FILE = YES;
				INFOPLIST_KEY_UIApplicationSceneManifest_Generation = YES;
				INFOPLIST_KEY_UIApplicationSupportsIndirectInputEvents = YES;
				INFOPLIST_KEY_UILaunchScreen_Generation = YES;
				INFOPLIST_KEY_UISupportedInterfaceOrientations_iPad = "UIInterfaceOrientationPortrait UIInterfaceOrientationPortraitUpsideDown UIInterfaceOrientationLandscapeLeft UIInterfaceOrientationLandscapeRight";
				INFOPLIST_KEY_UISupportedInterfaceOrientations_iPhone = "UIInterfaceOrientationPortrait UIInterfaceOrientationLandscapeLeft UIInterfaceOrientationLandscapeRight";
				LD_RUNPATH_SEARCH_PATHS = (
					"$(inherited)",
					"@executable_path/Frameworks",
				);
				MARKETING_VERSION = 1.0;
				PRODUCT_BUNDLE_IDENTIFIER = com.mohan.quizStar;
				PRODUCT_NAME = "$(TARGET_NAME)";
				SWIFT_EMIT_LOC_STRINGS = YES;
				SWIFT_VERSION = 5.0;
				TARGETED_DEVICE_FAMILY = "1,2";
			};
			name = Debug;
		};
		018F275C2C734EE000168C42 /* Release */ = {
			isa = XCBuildConfiguration;
			buildSettings = {
				ASSETCATALOG_COMPILER_APPICON_NAME = AppIcon;
				ASSETCATALOG_COMPILER_GLOBAL_ACCENT_COLOR_NAME = AccentColor;
				CODE_SIGN_STYLE = Automatic;
				CURRENT_PROJECT_VERSION = 1;
				DEVELOPMENT_ASSET_PATHS = "\"quizStar/Preview Content\"";
				ENABLE_PREVIEWS = YES;
				GENERATE_INFOPLIST_FILE = YES;
				INFOPLIST_KEY_UIApplicationSceneManifest_Generation = YES;
				INFOPLIST_KEY_UIApplicationSupportsIndirectInputEvents = YES;
				INFOPLIST_KEY_UILaunchScreen_Generation = YES;
				INFOPLIST_KEY_UISupportedInterfaceOrientations_iPad = "UIInterfaceOrientationPortrait UIInterfaceOrientationPortraitUpsideDown UIInterfaceOrientationLandscapeLeft UIInterfaceOrientationLandscapeRight";
				INFOPLIST_KEY_UISupportedInterfaceOrientations_iPhone = "UIInterfaceOrientationPortrait UIInterfaceOrientationLandscapeLeft UIInterfaceOrientationLandscapeRight";
				LD_RUNPATH_SEARCH_PATHS = (
					"$(inherited)",
					"@executable_path/Frameworks",
				);
				MARKETING_VERSION = 1.0;
				PRODUCT_BUNDLE_IDENTIFIER = com.mohan.quizStar;
				PRODUCT_NAME = "$(TARGET_NAME)";
				SWIFT_EMIT_LOC_STRINGS = YES;
				SWIFT_VERSION = 5.0;
				TARGETED_DEVICE_FAMILY = "1,2";
			};
			name = Release;
		};
		018F275E2C734EE000168C42 /* Debug */ = {
			isa = XCBuildConfiguration;
			buildSettings = {
				ALWAYS_EMBED_SWIFT_STANDARD_LIBRARIES = YES;
				BUNDLE_LOADER = "$(TEST_HOST)";
				CODE_SIGN_STYLE = Automatic;
				CURRENT_PROJECT_VERSION = 1;
				GENERATE_INFOPLIST_FILE = YES;
				IPHONEOS_DEPLOYMENT_TARGET = 17.5;
				MARKETING_VERSION = 1.0;
				PRODUCT_BUNDLE_IDENTIFIER = com.mohan.quizStarTests;
				PRODUCT_NAME = "$(TARGET_NAME)";
				SWIFT_EMIT_LOC_STRINGS = NO;
				SWIFT_VERSION = 5.0;
				TARGETED_DEVICE_FAMILY = "1,2";
				TEST_HOST = "$(BUILT_PRODUCTS_DIR)/quizStar.app/$(BUNDLE_EXECUTABLE_FOLDER_PATH)/quizStar";
			};
			name = Debug;
		};
		018F275F2C734EE000168C42 /* Release */ = {
			isa = XCBuildConfiguration;
			buildSettings = {
				ALWAYS_EMBED_SWIFT_STANDARD_LIBRARIES = YES;
				BUNDLE_LOADER = "$(TEST_HOST)";
				CODE_SIGN_STYLE = Automatic;
				CURRENT_PROJECT_VERSION = 1;
				GENERATE_INFOPLIST_FILE = YES;
				IPHONEOS_DEPLOYMENT_TARGET = 17.5;
				MARKETING_VERSION = 1.0;
				PRODUCT_BUNDLE_IDENTIFIER = com.mohan.quizStarTests;
				PRODUCT_NAME = "$(TARGET_NAME)";
				SWIFT_EMIT_LOC_STRINGS = NO;
				SWIFT_VERSION = 5.0;
				TARGETED_DEVICE_FAMILY = "1,2";
				TEST_HOST = "$(BUILT_PRODUCTS_DIR)/quizStar.app/$(BUNDLE_EXECUTABLE_FOLDER_PATH)/quizStar";
			};
			name = Release;
		};
		018F27612C734EE000168C42 /* Debug */ = {
			isa = XCBuildConfiguration;
			buildSettings = {
				ALWAYS_EMBED_SWIFT_STANDARD_LIBRARIES = YES;
				CODE_SIGN_STYLE = Automatic;
				CURRENT_PROJECT_VERSION = 1;
				GENERATE_INFOPLIST_FILE = YES;
				MARKETING_VERSION = 1.0;
				PRODUCT_BUNDLE_IDENTIFIER = com.mohan.quizStarUITests;
				PRODUCT_NAME = "$(TARGET_NAME)";
				SWIFT_EMIT_LOC_STRINGS = NO;
				SWIFT_VERSION = 5.0;
				TARGETED_DEVICE_FAMILY = "1,2";
				TEST_TARGET_NAME = quizStar;
			};
			name = Debug;
		};
		018F27622C734EE000168C42 /* Release */ = {
			isa = XCBuildConfiguration;
			buildSettings = {
				ALWAYS_EMBED_SWIFT_STANDARD_LIBRARIES = YES;
				CODE_SIGN_STYLE = Automatic;
				CURRENT_PROJECT_VERSION = 1;
				GENERATE_INFOPLIST_FILE = YES;
				MARKETING_VERSION = 1.0;
				PRODUCT_BUNDLE_IDENTIFIER = com.mohan.quizStarUITests;
				PRODUCT_NAME = "$(TARGET_NAME)";
				SWIFT_EMIT_LOC_STRINGS = NO;
				SWIFT_VERSION = 5.0;
				TARGETED_DEVICE_FAMILY = "1,2";
				TEST_TARGET_NAME = quizStar;
			};
			name = Release;
		};
/* End XCBuildConfiguration section */

/* Begin XCConfigurationList section */
		018F27312C734EDF00168C42 /* Build configuration list for PBXProject "quizStar" */ = {
			isa = XCConfigurationList;
			buildConfigurations = (
				018F27582C734EE000168C42 /* Debug */,
				018F27592C734EE000168C42 /* Release */,
			);
			defaultConfigurationIsVisible = 0;
			defaultConfigurationName = Release;
		};
		018F275A2C734EE000168C42 /* Build configuration list for PBXNativeTarget "quizStar" */ = {
			isa = XCConfigurationList;
			buildConfigurations = (
				018F275B2C734EE000168C42 /* Debug */,
				018F275C2C734EE000168C42 /* Release */,
			);
			defaultConfigurationIsVisible = 0;
			defaultConfigurationName = Release;
		};
		018F275D2C734EE000168C42 /* Build configuration list for PBXNativeTarget "quizStarTests" */ = {
			isa = XCConfigurationList;
			buildConfigurations = (
				018F275E2C734EE000168C42 /* Debug */,
				018F275F2C734EE000168C42 /* Release */,
			);
			defaultConfigurationIsVisible = 0;
			defaultConfigurationName = Release;
		};
		018F27602C734EE000168C42 /* Build configuration list for PBXNativeTarget "quizStarUITests" */ = {
			isa = XCConfigurationList;
			buildConfigurations = (
				018F27612C734EE000168C42 /* Debug */,
				018F27622C734EE000168C42 /* Release */,
			);
			defaultConfigurationIsVisible = 0;
			defaultConfigurationName = Release;
		};
/* End XCConfigurationList section */
	};
	rootObject = 018F272E2C734EDF00168C42 /* Project object */;
}
